# This file is autogenerated, do not edit; changes may be undone by the next 'dep ensure'.


[[projects]]
  branch = "master"
  name = "github.com/dustin/go-heatmap"
  packages = [
    ".",
    "schemes"
  ]
  revision = "b89dbd73785a2348b5e0558f719f27a826987ceb"

[solve-meta]
  analyzer-name = "dep"
  analyzer-version = 1
  inputs-digest = "69ae46e0027270d75ef1419bfe5096bf9c85ea816493ab6655f6b35f2c80368d"
  solver-name = "gps-cdcl"
  solver-version = 1
